// !$*UTF8*$!
{
	archiveVersion = 1;
	classes = {
	};
	objectVersion = 46;
	objects = {

/* Begin PBXBuildFile section */
		2C024E2F1C11D6BB0015B11C /* main.m in Sources */ = {isa = PBXBuildFile; fileRef = 2C024E2E1C11D6BB0015B11C /* main.m */; };
		2C024E321C11D6BB0015B11C /* AppDelegate.m in Sources */ = {isa = PBXBuildFile; fileRef = 2C024E311C11D6BB0015B11C /* AppDelegate.m */; };
		2C024E3A1C11D6BB0015B11C /* Assets.xcassets in Resources */ = {isa = PBXBuildFile; fileRef = 2C024E391C11D6BB0015B11C /* Assets.xcassets */; };
		2C024E3D1C11D6BB0015B11C /* LaunchScreen.storyboard in Resources */ = {isa = PBXBuildFile; fileRef = 2C024E3B1C11D6BB0015B11C /* LaunchScreen.storyboard */; };
		2C024E4B1C11D8FF0015B11C /* PGAnimation.m in Sources */ = {isa = PBXBuildFile; fileRef = 2C024E491C11D8FF0015B11C /* PGAnimation.m */; };
		2C024E511C11D9560015B11C /* HomeViewController.m in Sources */ = {isa = PBXBuildFile; fileRef = 2C024E4F1C11D9560015B11C /* HomeViewController.m */; };
		2C024E521C11D9560015B11C /* HomeViewController.xib in Resources */ = {isa = PBXBuildFile; fileRef = 2C024E501C11D9560015B11C /* HomeViewController.xib */; };
		2C024E571C11D9F20015B11C /* PlayGroundViewController.m in Sources */ = {isa = PBXBuildFile; fileRef = 2C024E551C11D9F20015B11C /* PlayGroundViewController.m */; };
		2C024E581C11D9F20015B11C /* PlayGroundViewController.xib in Resources */ = {isa = PBXBuildFile; fileRef = 2C024E561C11D9F20015B11C /* PlayGroundViewController.xib */; };
		2C024E5D1C11DA900015B11C /* PushedViewController.m in Sources */ = {isa = PBXBuildFile; fileRef = 2C024E5B1C11DA900015B11C /* PushedViewController.m */; };
		2C024E5E1C11DA900015B11C /* PushedViewController.xib in Resources */ = {isa = PBXBuildFile; fileRef = 2C024E5C1C11DA900015B11C /* PushedViewController.xib */; };
/* End PBXBuildFile section */

/* Begin PBXFileReference section */
		2C024E2A1C11D6BB0015B11C /* PGAnimation.app */ = {isa = PBXFileReference; explicitFileType = wrapper.application; includeInIndex = 0; path = PGAnimation.app; sourceTree = BUILT_PRODUCTS_DIR; };
		2C024E2E1C11D6BB0015B11C /* main.m */ = {isa = PBXFileReference; lastKnownFileType = sourcecode.c.objc; path = main.m; sourceTree = "<group>"; };
		2C024E301C11D6BB0015B11C /* AppDelegate.h */ = {isa = PBXFileReference; lastKnownFileType = sourcecode.c.h; path = AppDelegate.h; sourceTree = "<group>"; };
		2C024E311C11D6BB0015B11C /* AppDelegate.m */ = {isa = PBXFileReference; lastKnownFileType = sourcecode.c.objc; path = AppDelegate.m; sourceTree = "<group>"; };
		2C024E391C11D6BB0015B11C /* Assets.xcassets */ = {isa = PBXFileReference; lastKnownFileType = folder.assetcatalog; path = Assets.xcassets; sourceTree = "<group>"; };
		2C024E3C1C11D6BB0015B11C /* Base */ = {isa = PBXFileReference; lastKnownFileType = file.storyboard; name = Base; path = Base.lproj/LaunchScreen.storyboard; sourceTree = "<group>"; };
		2C024E3E1C11D6BB0015B11C /* Info.plist */ = {isa = PBXFileReference; lastKnownFileType = text.plist.xml; path = Info.plist; sourceTree = "<group>"; };
		2C024E481C11D8FF0015B11C /* PGAnimation.h */ = {isa = PBXFileReference; fileEncoding = 4; lastKnownFileType = sourcecode.c.h; path = PGAnimation.h; sourceTree = "<group>"; };
		2C024E491C11D8FF0015B11C /* PGAnimation.m */ = {isa = PBXFileReference; fileEncoding = 4; lastKnownFileType = sourcecode.c.objc; path = PGAnimation.m; sourceTree = "<group>"; };
		2C024E4E1C11D9560015B11C /* HomeViewController.h */ = {isa = PBXFileReference; fileEncoding = 4; lastKnownFileType = sourcecode.c.h; path = HomeViewController.h; sourceTree = "<group>"; };
		2C024E4F1C11D9560015B11C /* HomeViewController.m */ = {isa = PBXFileReference; fileEncoding = 4; lastKnownFileType = sourcecode.c.objc; path = HomeViewController.m; sourceTree = "<group>"; };
		2C024E501C11D9560015B11C /* HomeViewController.xib */ = {isa = PBXFileReference; fileEncoding = 4; lastKnownFileType = file.xib; path = HomeViewController.xib; sourceTree = "<group>"; };
		2C024E541C11D9F20015B11C /* PlayGroundViewController.h */ = {isa = PBXFileReference; fileEncoding = 4; lastKnownFileType = sourcecode.c.h; path = PlayGroundViewController.h; sourceTree = "<group>"; };
		2C024E551C11D9F20015B11C /* PlayGroundViewController.m */ = {isa = PBXFileReference; fileEncoding = 4; lastKnownFileType = sourcecode.c.objc; path = PlayGroundViewController.m; sourceTree = "<group>"; };
		2C024E561C11D9F20015B11C /* PlayGroundViewController.xib */ = {isa = PBXFileReference; fileEncoding = 4; lastKnownFileType = file.xib; path = PlayGroundViewController.xib; sourceTree = "<group>"; };
		2C024E5A1C11DA900015B11C /* PushedViewController.h */ = {isa = PBXFileReference; fileEncoding = 4; lastKnownFileType = sourcecode.c.h; path = PushedViewController.h; sourceTree = "<group>"; };
		2C024E5B1C11DA900015B11C /* PushedViewController.m */ = {isa = PBXFileReference; fileEncoding = 4; lastKnownFileType = sourcecode.c.objc; path = PushedViewController.m; sourceTree = "<group>"; };
		2C024E5C1C11DA900015B11C /* PushedViewController.xib */ = {isa = PBXFileReference; fileEncoding = 4; lastKnownFileType = file.xib; path = PushedViewController.xib; sourceTree = "<group>"; };
/* End PBXFileReference section */

/* Begin PBXFrameworksBuildPhase section */
		2C024E271C11D6BB0015B11C /* Frameworks */ = {
			isa = PBXFrameworksBuildPhase;
			buildActionMask = 2147483647;
			files = (
			);
			runOnlyForDeploymentPostprocessing = 0;
		};
/* End PBXFrameworksBuildPhase section */

/* Begin PBXGroup section */
		2C024E211C11D6BB0015B11C = {
			isa = PBXGroup;
			children = (
				2C024E2C1C11D6BB0015B11C /* PGAnimation */,
				2C024E2B1C11D6BB0015B11C /* Products */,
			);
			sourceTree = "<group>";
		};
		2C024E2B1C11D6BB0015B11C /* Products */ = {
			isa = PBXGroup;
			children = (
				2C024E2A1C11D6BB0015B11C /* PGAnimation.app */,
			);
			name = Products;
			sourceTree = "<group>";
		};
		2C024E2C1C11D6BB0015B11C /* PGAnimation */ = {
			isa = PBXGroup;
			children = (
				2C024E441C11D8FF0015B11C /* AppUtility */,
				2C024E4C1C11D91B0015B11C /* ViewController */,
				2C024E301C11D6BB0015B11C /* AppDelegate.h */,
				2C024E311C11D6BB0015B11C /* AppDelegate.m */,
				2C024E391C11D6BB0015B11C /* Assets.xcassets */,
				2C024E3B1C11D6BB0015B11C /* LaunchScreen.storyboard */,
				2C024E3E1C11D6BB0015B11C /* Info.plist */,
				2C024E2D1C11D6BB0015B11C /* Supporting Files */,
			);
			path = PGAnimation;
			sourceTree = "<group>";
		};
		2C024E2D1C11D6BB0015B11C /* Supporting Files */ = {
			isa = PBXGroup;
			children = (
				2C024E2E1C11D6BB0015B11C /* main.m */,
			);
			name = "Supporting Files";
			sourceTree = "<group>";
		};
		2C024E441C11D8FF0015B11C /* AppUtility */ = {
			isa = PBXGroup;
			children = (
				2C024E451C11D8FF0015B11C /* Animation */,
			);
			path = AppUtility;
			sourceTree = "<group>";
		};
		2C024E451C11D8FF0015B11C /* Animation */ = {
			isa = PBXGroup;
			children = (
				2C024E481C11D8FF0015B11C /* PGAnimation.h */,
				2C024E491C11D8FF0015B11C /* PGAnimation.m */,
			);
			path = Animation;
			sourceTree = "<group>";
		};
		2C024E4C1C11D91B0015B11C /* ViewController */ = {
			isa = PBXGroup;
			children = (
				2C024E4D1C11D9470015B11C /* HomeViewController */,
				2C024E531C11D9E50015B11C /* PlayGroundViewController */,
				2C024E591C11DA670015B11C /* PushedViewController */,
			);
			path = ViewController;
			sourceTree = "<group>";
		};
		2C024E4D1C11D9470015B11C /* HomeViewController */ = {
			isa = PBXGroup;
			children = (
				2C024E4E1C11D9560015B11C /* HomeViewController.h */,
				2C024E4F1C11D9560015B11C /* HomeViewController.m */,
				2C024E501C11D9560015B11C /* HomeViewController.xib */,
			);
			path = HomeViewController;
			sourceTree = "<group>";
		};
		2C024E531C11D9E50015B11C /* PlayGroundViewController */ = {
			isa = PBXGroup;
			children = (
				2C024E541C11D9F20015B11C /* PlayGroundViewController.h */,
				2C024E551C11D9F20015B11C /* PlayGroundViewController.m */,
				2C024E561C11D9F20015B11C /* PlayGroundViewController.xib */,
			);
			path = PlayGroundViewController;
			sourceTree = "<group>";
		};
		2C024E591C11DA670015B11C /* PushedViewController */ = {
			isa = PBXGroup;
			children = (
				2C024E5A1C11DA900015B11C /* PushedViewController.h */,
				2C024E5B1C11DA900015B11C /* PushedViewController.m */,
				2C024E5C1C11DA900015B11C /* PushedViewController.xib */,
			);
			path = PushedViewController;
			sourceTree = "<group>";
		};
/* End PBXGroup section */

/* Begin PBXNativeTarget section */
		2C024E291C11D6BB0015B11C /* PGAnimation */ = {
			isa = PBXNativeTarget;
			buildConfigurationList = 2C024E411C11D6BB0015B11C /* Build configuration list for PBXNativeTarget "PGAnimation" */;
			buildPhases = (
				2C024E261C11D6BB0015B11C /* Sources */,
				2C024E271C11D6BB0015B11C /* Frameworks */,
				2C024E281C11D6BB0015B11C /* Resources */,
			);
			buildRules = (
			);
			dependencies = (
			);
			name = PGAnimation;
			productName = PGAnimation;
			productReference = 2C024E2A1C11D6BB0015B11C /* PGAnimation.app */;
			productType = "com.apple.product-type.application";
		};
/* End PBXNativeTarget section */

/* Begin PBXProject section */
		2C024E221C11D6BB0015B11C /* Project object */ = {
			isa = PBXProject;
			attributes = {
				LastUpgradeCheck = 0710;
				ORGANIZATIONNAME = "Pankaj Gondaliya";
				TargetAttributes = {
					2C024E291C11D6BB0015B11C = {
						CreatedOnToolsVersion = 7.1;
					};
				};
			};
			buildConfigurationList = 2C024E251C11D6BB0015B11C /* Build configuration list for PBXProject "PGAnimation" */;
			compatibilityVersion = "Xcode 3.2";
			developmentRegion = English;
			hasScannedForEncodings = 0;
			knownRegions = (
				en,
				Base,
			);
			mainGroup = 2C024E211C11D6BB0015B11C;
			productRefGroup = 2C024E2B1C11D6BB0015B11C /* Products */;
			projectDirPath = "";
			projectRoot = "";
			targets = (
				2C024E291C11D6BB0015B11C /* PGAnimation */,
			);
		};
/* End PBXProject section */

/* Begin PBXResourcesBuildPhase section */
		2C024E281C11D6BB0015B11C /* Resources */ = {
			isa = PBXResourcesBuildPhase;
			buildActionMask = 2147483647;
			files = (
				2C024E3D1C11D6BB0015B11C /* LaunchScreen.storyboard in Resources */,
				2C024E581C11D9F20015B11C /* PlayGroundViewController.xib in Resources */,
				2C024E3A1C11D6BB0015B11C /* Assets.xcassets in Resources */,
				2C024E5E1C11DA900015B11C /* PushedViewController.xib in Resources */,
				2C024E521C11D9560015B11C /* HomeViewController.xib in Resources */,
			);
			runOnlyForDeploymentPostprocessing = 0;
		};
/* End PBXResourcesBuildPhase section */

/* Begin PBXSourcesBuildPhase section */
		2C024E261C11D6BB0015B11C /* Sources */ = {
			isa = PBXSourcesBuildPhase;
			buildActionMask = 2147483647;
			files = (
				2C024E321C11D6BB0015B11C /* AppDelegate.m in Sources */,
				2C024E2F1C11D6BB0015B11C /* main.m in Sources */,
				2C024E5D1C11DA900015B11C /* PushedViewController.m in Sources */,
				2C024E511C11D9560015B11C /* HomeViewController.m in Sources */,
				2C024E4B1C11D8FF0015B11C /* PGAnimation.m in Sources */,
				2C024E571C11D9F20015B11C /* PlayGroundViewController.m in Sources */,
			);
			runOnlyForDeploymentPostprocessing = 0;
		};
/* End PBXSourcesBuildPhase section */

/* Begin PBXVariantGroup section */
		2C024E3B1C11D6BB0015B11C /* LaunchScreen.storyboard */ = {
			isa = PBXVariantGroup;
			children = (
				2C024E3C1C11D6BB0015B11C /* Base */,
			);
			name = LaunchScreen.storyboard;
			sourceTree = "<group>";
		};
/* End PBXVariantGroup section */

/* Begin XCBuildConfiguration section */
		2C024E3F1C11D6BB0015B11C /* Debug */ = {
			isa = XCBuildConfiguration;
			buildSettings = {
				ALWAYS_SEARCH_USER_PATHS = NO;
				CLANG_CXX_LANGUAGE_STANDARD = "gnu++0x";
				CLANG_CXX_LIBRARY = "libc++";
				CLANG_ENABLE_MODULES = YES;
				CLANG_ENABLE_OBJC_ARC = YES;
				CLANG_WARN_BOOL_CONVERSION = YES;
				CLANG_WARN_CONSTANT_CONVERSION = YES;
				CLANG_WARN_DIRECT_OBJC_ISA_USAGE = YES_ERROR;
				CLANG_WARN_EMPTY_BODY = YES;
				CLANG_WARN_ENUM_CONVERSION = YES;
				CLANG_WARN_INT_CONVERSION = YES;
				CLANG_WARN_OBJC_ROOT_CLASS = YES_ERROR;
				CLANG_WARN_UNREACHABLE_CODE = YES;
				CLANG_WARN__DUPLICATE_METHOD_MATCH = YES;
				"CODE_SIGN_IDENTITY[sdk=iphoneos*]" = "iPhone Developer";
				COPY_PHASE_STRIP = NO;
				DEBUG_INFORMATION_FORMAT = dwarf;
				ENABLE_STRICT_OBJC_MSGSEND = YES;
				ENABLE_TESTABILITY = YES;
				GCC_C_LANGUAGE_STANDARD = gnu99;
				GCC_DYNAMIC_NO_PIC = NO;
				GCC_NO_COMMON_BLOCKS = YES;
				GCC_OPTIMIZATION_LEVEL = 0;
				GCC_PREPROCESSOR_DEFINITIONS = (
					"DEBUG=1",
					"$(inherited)",
				);
				GCC_WARN_64_TO_32_BIT_CONVERSION = YES;
				GCC_WARN_ABOUT_RETURN_TYPE = YES_ERROR;
				GCC_WARN_UNDECLARED_SELECTOR = YES;
				GCC_WARN_UNINITIALIZED_AUTOS = YES_AGGRESSIVE;
				GCC_WARN_UNUSED_FUNCTION = YES;
				GCC_WARN_UNUSED_VARIABLE = YES;
				IPHONEOS_DEPLOYMENT_TARGET = 8.0;
				MTL_ENABLE_DEBUG_INFO = YES;
				ONLY_ACTIVE_ARCH = YES;
				SDKROOT = iphoneos;
			};
			name = Debug;
		};
		2C024E401C11D6BB0015B11C /* Release */ = {
			isa = XCBuildConfiguration;
			buildSettings = {
				ALWAYS_SEARCH_USER_PATHS = NO;
				CLANG_CXX_LANGUAGE_STANDARD = "gnu++0x";
				CLANG_CXX_LIBRARY = "libc++";
				CLANG_ENABLE_MODULES = YES;
				CLANG_ENABLE_OBJC_ARC = YES;
				CLANG_WARN_BOOL_CONVERSION = YES;
				CLANG_WARN_CONSTANT_CONVERSION = YES;
				CLANG_WARN_DIRECT_OBJC_ISA_USAGE = YES_ERROR;
				CLANG_WARN_EMPTY_BODY = YES;
				CLANG_WARN_ENUM_CONVERSION = YES;
				CLANG_WARN_INT_CONVERSION = YES;
				CLANG_WARN_OBJC_ROOT_CLASS = YES_ERROR;
				CLANG_WARN_UNREACHABLE_CODE = YES;
				CLANG_WARN__DUPLICATE_METHOD_MATCH = YES;
				"CODE_SIGN_IDENTITY[sdk=iphoneos*]" = "iPhone Developer";
				COPY_PHASE_STRIP = NO;
				DEBUG_INFORMATION_FORMAT = "dwarf-with-dsym";
				ENABLE_NS_ASSERTIONS = NO;
				ENABLE_STRICT_OBJC_MSGSEND = YES;
				GCC_C_LANGUAGE_STANDARD = gnu99;
				GCC_NO_COMMON_BLOCKS = YES;
				GCC_WARN_64_TO_32_BIT_CONVERSION = YES;
				GCC_WARN_ABOUT_RETURN_TYPE = YES_ERROR;
				GCC_WARN_UNDECLARED_SELECTOR = YES;
				GCC_WARN_UNINITIALIZED_AUTOS = YES_AGGRESSIVE;
				GCC_WARN_UNUSED_FUNCTION = YES;
				GCC_WARN_UNUSED_VARIABLE = YES;
				IPHONEOS_DEPLOYMENT_TARGET = 8.0;
				MTL_ENABLE_DEBUG_INFO = NO;
				SDKROOT = iphoneos;
				VALIDATE_PRODUCT = YES;
			};
			name = Release;
		};
		2C024E421C11D6BB0015B11C /* Debug */ = {
			isa = XCBuildConfiguration;
			buildSettings = {
				ASSETCATALOG_COMPILER_APPICON_NAME = AppIcon;
				INFOPLIST_FILE = PGAnimation/Info.plist;
				IPHONEOS_DEPLOYMENT_TARGET = 8.0;
				LD_RUNPATH_SEARCH_PATHS = "$(inherited) @executable_path/Frameworks";
				PRODUCT_BUNDLE_IDENTIFIER = com.PankajGondaliya.PGAnimation.PGAnimation;
				PRODUCT_NAME = "$(TARGET_NAME)";
				TARGETED_DEVICE_FAMILY = "1,2";
			};
			name = Debug;
		};
		2C024E431C11D6BB0015B11C /* Release */ = {
			isa = XCBuildConfiguration;
			buildSettings = {
				ASSETCATALOG_COMPILER_APPICON_NAME = AppIcon;
				INFOPLIST_FILE = PGAnimation/Info.plist;
				IPHONEOS_DEPLOYMENT_TARGET = 8.0;
				LD_RUNPATH_SEARCH_PATHS = "$(inherited) @executable_path/Frameworks";
				PRODUCT_BUNDLE_IDENTIFIER = com.PankajGondaliya.PGAnimation.PGAnimation;
				PRODUCT_NAME = "$(TARGET_NAME)";
				TARGETED_DEVICE_FAMILY = "1,2";
			};
			name = Release;
		};
/* End XCBuildConfiguration section */

/* Begin XCConfigurationList section */
		2C024E251C11D6BB0015B11C /* Build configuration list for PBXProject "PGAnimation" */ = {
			isa = XCConfigurationList;
			buildConfigurations = (
				2C024E3F1C11D6BB0015B11C /* Debug */,
				2C024E401C11D6BB0015B11C /* Release */,
			);
			defaultConfigurationIsVisible = 0;
			defaultConfigurationName = Release;
		};
		2C024E411C11D6BB0015B11C /* Build configuration list for PBXNativeTarget "PGAnimation" */ = {
			isa = XCConfigurationList;
			buildConfigurations = (
				2C024E421C11D6BB0015B11C /* Debug */,
				2C024E431C11D6BB0015B11C /* Release */,
			);
			defaultConfigurationIsVisible = 0;
			defaultConfigurationName = Release;
		};
/* End XCConfigurationList section */
	};
	rootObject = 2C024E221C11D6BB0015B11C /* Project object */;
}
